
Microsoft Visual Studio Solution File, Format Version 12.00
# Visual Studio Version 16
VisualStudioVersion = 16.0.30011.22
MinimumVisualStudioVersion = 10.0.40219.1
Project("{FAE04EC0-301F-11D3-BF4B-00C04F79EFBC}") = "Stringmanipulation", "Stringmanipulation\Stringmanipulation.csproj", "{98A74217-584B-433E-B0F6-9C8EEFC92C6D}"
EndProject
Global
	GlobalSection(SolutionConfigurationPlatforms) = preSolution
		Debug|Any CPU = Debug|Any CPU
		Release|Any CPU = Release|Any CPU
	EndGlobalSection
	GlobalSection(ProjectConfigurationPlatforms) = postSolution
		{98A74217-584B-433E-B0F6-9C8EEFC92C6D}.Debug|Any CPU.ActiveCfg = Debug|Any CPU
		{98A74217-584B-433E-B0F6-9C8EEFC92C6D}.Debug|Any CPU.Build.0 = Debug|Any CPU
		{98A74217-584B-433E-B0F6-9C8EEFC92C6D}.Release|Any CPU.ActiveCfg = Release|Any CPU
		{98A74217-584B-433E-B0F6-9C8EEFC92C6D}.Release|Any CPU.Build.0 = Release|Any CPU
	EndGlobalSection
	GlobalSection(SolutionProperties) = preSolution
		HideSolutionNode = FALSE
	EndGlobalSection
	GlobalSection(ExtensibilityGlobals) = postSolution
		SolutionGuid = {1FBABD59-9168-4A7B-B761-37840D6F4750}
	EndGlobalSection
EndGlobal
